{
  "name": "terminal-jarvis",
  "version": "0.1.19",
  "lockfileVersion": 3,
  "requires": true,
  "packages": {
    "": {
      "name": "terminal-jarvis",
      "version": "0.1.19",
      "hasInstallScript": true,
      "license": "MIT",
      "bin": {
        "terminal-jarvis": "bin/terminal-jarvis"
      },
      "engines": {
        "node": ">=18.17"
      }
    }
  }
}
